// !$*UTF8*$!
{
	archiveVersion = 1;
	classes = {
	};
	objectVersion = 46;
	objects = {

/* Begin PBXBuildFile section */
		1F40C6FB1C82ADF0004AE1E7 /* Camera.swift in Sources */ = {isa = PBXBuildFile; fileRef = 1F40C6FA1C82ADF0004AE1E7 /* Camera.swift */; };
		1F754DCB1C48EE600036D39F /* ImageLayer.swift in Sources */ = {isa = PBXBuildFile; fileRef = 1F754DCA1C48EE600036D39F /* ImageLayer.swift */; };
		1F75FDEB1C5B1FE700EB62C2 /* C4Loop.aif in Resources */ = {isa = PBXBuildFile; fileRef = 1F75FDE81C5B1FE700EB62C2 /* C4Loop.aif */; };
		1F75FDEC1C5B1FE700EB62C2 /* halo.mp4 in Resources */ = {isa = PBXBuildFile; fileRef = 1F75FDE91C5B1FE700EB62C2 /* halo.mp4 */; };
		1F75FDED1C5B1FE700EB62C2 /* haloGray.mp4 in Resources */ = {isa = PBXBuildFile; fileRef = 1F75FDEA1C5B1FE700EB62C2 /* haloGray.mp4 */; };
		1F75FE951C5CADBF00EB62C2 /* ScreenRecorder.swift in Sources */ = {isa = PBXBuildFile; fileRef = 1F75FE941C5CADBF00EB62C2 /* ScreenRecorder.swift */; };
		1FAB35E81C5372CE00620741 /* Pixel.swift in Sources */ = {isa = PBXBuildFile; fileRef = 1FAB35E71C5372CE00620741 /* Pixel.swift */; };
		1FAB35EA1C53745300620741 /* Layer.swift in Sources */ = {isa = PBXBuildFile; fileRef = 1FAB35E91C53745300620741 /* Layer.swift */; };
		1FAB35EC1C53749500620741 /* UIView+AddRemove.swift in Sources */ = {isa = PBXBuildFile; fileRef = 1FAB35EB1C53749500620741 /* UIView+AddRemove.swift */; };
		61B92B481C7B963B003BD61C /* PlayerLayer.swift in Sources */ = {isa = PBXBuildFile; fileRef = 61B92B451C7B963B003BD61C /* PlayerLayer.swift */; };
		61B92B491C7B963B003BD61C /* Timer.swift in Sources */ = {isa = PBXBuildFile; fileRef = 61B92B461C7B963B003BD61C /* Timer.swift */; };
		61B92B4A1C7B963B003BD61C /* View+Render.swift in Sources */ = {isa = PBXBuildFile; fileRef = 61B92B471C7B963B003BD61C /* View+Render.swift */; };
		61B92B4C1C7B96B8003BD61C /* RectTests.swift in Sources */ = {isa = PBXBuildFile; fileRef = 61B92B4B1C7B96B8003BD61C /* RectTests.swift */; };
		61BBAF631BC372BD00A03FD0 /* StoredAnimation.swift in Sources */ = {isa = PBXBuildFile; fileRef = 61BBAF621BC372BD00A03FD0 /* StoredAnimation.swift */; };
		61BBAF651BC38C1200A03FD0 /* View+KeyValues.swift in Sources */ = {isa = PBXBuildFile; fileRef = 61BBAF641BC38C1200A03FD0 /* View+KeyValues.swift */; };
		A94E3BD419E0E9390039A9C4 /* C4.framework in Frameworks */ = {isa = PBXBuildFile; fileRef = 614F824319DB5ED3001DF1D4 /* C4.framework */; };
		A96F4F451B538330002B3A46 /* ColorTests.swift in Sources */ = {isa = PBXBuildFile; fileRef = A9596D401A054B4F0023323D /* ColorTests.swift */; };
		A96F4F461B538330002B3A46 /* MathTests.swift in Sources */ = {isa = PBXBuildFile; fileRef = A9596D411A054B4F0023323D /* MathTests.swift */; };
		A96F4F471B538330002B3A46 /* PointTests.swift in Sources */ = {isa = PBXBuildFile; fileRef = A9596D421A054B4F0023323D /* PointTests.swift */; };
		A96F4F491B538330002B3A46 /* VectorTests.swift in Sources */ = {isa = PBXBuildFile; fileRef = A9596D431A054B4F0023323D /* VectorTests.swift */; };
		A96F4F4A1B538330002B3A46 /* TransformTests.swift in Sources */ = {isa = PBXBuildFile; fileRef = A988A9161A4F57330044007C /* TransformTests.swift */; };
		A96F505F1B5385A5002B3A46 /* AppDelegate.swift in Sources */ = {isa = PBXBuildFile; fileRef = A96F505E1B5385A5002B3A46 /* AppDelegate.swift */; };
		A96F50611B5385A5002B3A46 /* ViewController.swift in Sources */ = {isa = PBXBuildFile; fileRef = A96F50601B5385A5002B3A46 /* ViewController.swift */; };
		A96F50641B5385A5002B3A46 /* Main.storyboard in Resources */ = {isa = PBXBuildFile; fileRef = A96F50621B5385A5002B3A46 /* Main.storyboard */; };
		A96F50661B5385A5002B3A46 /* Images.xcassets in Resources */ = {isa = PBXBuildFile; fileRef = A96F50651B5385A5002B3A46 /* Images.xcassets */; };
		A96F50691B5385A5002B3A46 /* LaunchScreen.xib in Resources */ = {isa = PBXBuildFile; fileRef = A96F50671B5385A5002B3A46 /* LaunchScreen.xib */; };
		A96F507E1B538650002B3A46 /* C4.framework in Frameworks */ = {isa = PBXBuildFile; fileRef = 614F824319DB5ED3001DF1D4 /* C4.framework */; };
		A96F507F1B538650002B3A46 /* C4.framework in Embed Frameworks */ = {isa = PBXBuildFile; fileRef = 614F824319DB5ED3001DF1D4 /* C4.framework */; settings = {ATTRIBUTES = (CodeSignOnCopy, RemoveHeadersOnCopy, ); }; };
		A9BC57271C50ABA80068BBA3 /* UIImage+Color.swift in Sources */ = {isa = PBXBuildFile; fileRef = A9BC57261C50ABA80068BBA3 /* UIImage+Color.swift */; };
		A9D4F6AD1B534F9F00F937AB /* Color.swift in Sources */ = {isa = PBXBuildFile; fileRef = A9D4F6711B534F9F00F937AB /* Color.swift */; };
		A9D4F6AE1B534F9F00F937AB /* EventSource.swift in Sources */ = {isa = PBXBuildFile; fileRef = A9D4F6721B534F9F00F937AB /* EventSource.swift */; };
		A9D4F6AF1B534F9F00F937AB /* Foundation.swift in Sources */ = {isa = PBXBuildFile; fileRef = A9D4F6731B534F9F00F937AB /* Foundation.swift */; };
		A9D4F6B01B534F9F00F937AB /* Math.swift in Sources */ = {isa = PBXBuildFile; fileRef = A9D4F6741B534F9F00F937AB /* Math.swift */; };
		A9D4F6B21B534F9F00F937AB /* Path.swift in Sources */ = {isa = PBXBuildFile; fileRef = A9D4F6761B534F9F00F937AB /* Path.swift */; };
		A9D4F6B31B534F9F00F937AB /* Point.swift in Sources */ = {isa = PBXBuildFile; fileRef = A9D4F6771B534F9F00F937AB /* Point.swift */; };
		A9D4F6B41B534F9F00F937AB /* Rect.swift in Sources */ = {isa = PBXBuildFile; fileRef = A9D4F6781B534F9F00F937AB /* Rect.swift */; };
		A9D4F6B51B534F9F00F937AB /* Size.swift in Sources */ = {isa = PBXBuildFile; fileRef = A9D4F6791B534F9F00F937AB /* Size.swift */; };
		A9D4F6B61B534F9F00F937AB /* Transform.swift in Sources */ = {isa = PBXBuildFile; fileRef = A9D4F67A1B534F9F00F937AB /* Transform.swift */; };
		A9D4F6B71B534F9F00F937AB /* Vector.swift in Sources */ = {isa = PBXBuildFile; fileRef = A9D4F67B1B534F9F00F937AB /* Vector.swift */; };
		A9D4F6B91B534F9F00F937AB /* Animation.swift in Sources */ = {isa = PBXBuildFile; fileRef = A9D4F67E1B534F9F00F937AB /* Animation.swift */; };
		A9D4F6BB1B534F9F00F937AB /* Arc.swift in Sources */ = {isa = PBXBuildFile; fileRef = A9D4F6801B534F9F00F937AB /* Arc.swift */; };
		A9D4F6BC1B534F9F00F937AB /* AudioPlayer.swift in Sources */ = {isa = PBXBuildFile; fileRef = A9D4F6811B534F9F00F937AB /* AudioPlayer.swift */; };
		A9D4F6BD1B534F9F00F937AB /* CanvasController.swift in Sources */ = {isa = PBXBuildFile; fileRef = A9D4F6821B534F9F00F937AB /* CanvasController.swift */; };
		A9D4F6BE1B534F9F00F937AB /* Circle.swift in Sources */ = {isa = PBXBuildFile; fileRef = A9D4F6831B534F9F00F937AB /* Circle.swift */; };
		A9D4F6BF1B534F9F00F937AB /* Curve.swift in Sources */ = {isa = PBXBuildFile; fileRef = A9D4F6841B534F9F00F937AB /* Curve.swift */; };
		A9D4F6C01B534F9F00F937AB /* Ellipse.swift in Sources */ = {isa = PBXBuildFile; fileRef = A9D4F6851B534F9F00F937AB /* Ellipse.swift */; };
		A9D4F6C11B534F9F00F937AB /* Filter.swift in Sources */ = {isa = PBXBuildFile; fileRef = A9D4F6861B534F9F00F937AB /* Filter.swift */; };
		A9D4F6C21B534F9F00F937AB /* Font.swift in Sources */ = {isa = PBXBuildFile; fileRef = A9D4F6871B534F9F00F937AB /* Font.swift */; };
		A9D4F6C31B534F9F00F937AB /* Generator.swift in Sources */ = {isa = PBXBuildFile; fileRef = A9D4F6881B534F9F00F937AB /* Generator.swift */; };
		A9D4F6C41B534F9F00F937AB /* Image+Crop.swift in Sources */ = {isa = PBXBuildFile; fileRef = A9D4F6891B534F9F00F937AB /* Image+Crop.swift */; };
		A9D4F6C51B534F9F00F937AB /* Image+Filter.swift in Sources */ = {isa = PBXBuildFile; fileRef = A9D4F68A1B534F9F00F937AB /* Image+Filter.swift */; };
		A9D4F6C61B534F9F00F937AB /* Image+Generator.swift in Sources */ = {isa = PBXBuildFile; fileRef = A9D4F68B1B534F9F00F937AB /* Image+Generator.swift */; };
		A9D4F6C71B534F9F00F937AB /* Image.swift in Sources */ = {isa = PBXBuildFile; fileRef = A9D4F68C1B534F9F00F937AB /* Image.swift */; };
		A9D4F6C81B534F9F00F937AB /* Line.swift in Sources */ = {isa = PBXBuildFile; fileRef = A9D4F68D1B534F9F00F937AB /* Line.swift */; };
		A9D4F6C91B534F9F00F937AB /* Movie.swift in Sources */ = {isa = PBXBuildFile; fileRef = A9D4F68E1B534F9F00F937AB /* Movie.swift */; };
		A9D4F6CA1B534F9F00F937AB /* Polygon.swift in Sources */ = {isa = PBXBuildFile; fileRef = A9D4F68F1B534F9F00F937AB /* Polygon.swift */; };
		A9D4F6CB1B534F9F00F937AB /* QuadCurve.swift in Sources */ = {isa = PBXBuildFile; fileRef = A9D4F6901B534F9F00F937AB /* QuadCurve.swift */; };
		A9D4F6CC1B534F9F00F937AB /* Rectangle.swift in Sources */ = {isa = PBXBuildFile; fileRef = A9D4F6911B534F9F00F937AB /* Rectangle.swift */; };
		A9D4F6CD1B534F9F00F937AB /* RegularPolygon.swift in Sources */ = {isa = PBXBuildFile; fileRef = A9D4F6921B534F9F00F937AB /* RegularPolygon.swift */; };
		A9D4F6CE1B534F9F00F937AB /* Shape+Creation.swift in Sources */ = {isa = PBXBuildFile; fileRef = A9D4F6931B534F9F00F937AB /* Shape+Creation.swift */; };
		A9D4F6CF1B534F9F00F937AB /* Shape.swift in Sources */ = {isa = PBXBuildFile; fileRef = A9D4F6941B534F9F00F937AB /* Shape.swift */; };
		A9D4F6D01B534F9F00F937AB /* ShapeLayer.swift in Sources */ = {isa = PBXBuildFile; fileRef = A9D4F6951B534F9F00F937AB /* ShapeLayer.swift */; };
		A9D4F6D11B534F9F00F937AB /* Star.swift in Sources */ = {isa = PBXBuildFile; fileRef = A9D4F6961B534F9F00F937AB /* Star.swift */; };
		A9D4F6D21B534F9F00F937AB /* TextShape.swift in Sources */ = {isa = PBXBuildFile; fileRef = A9D4F6971B534F9F00F937AB /* TextShape.swift */; };
		A9D4F6D31B534F9F00F937AB /* Triangle.swift in Sources */ = {isa = PBXBuildFile; fileRef = A9D4F6981B534F9F00F937AB /* Triangle.swift */; };
		A9D4F6D41B534F9F00F937AB /* View+Animation.swift in Sources */ = {isa = PBXBuildFile; fileRef = A9D4F6991B534F9F00F937AB /* View+Animation.swift */; };
		A9D4F6D51B534F9F00F937AB /* View+Border.swift in Sources */ = {isa = PBXBuildFile; fileRef = A9D4F69A1B534F9F00F937AB /* View+Border.swift */; };
		A9D4F6D61B534F9F00F937AB /* View+Shadow.swift in Sources */ = {isa = PBXBuildFile; fileRef = A9D4F69B1B534F9F00F937AB /* View+Shadow.swift */; };
		A9D4F6D71B534F9F00F937AB /* View.swift in Sources */ = {isa = PBXBuildFile; fileRef = A9D4F69C1B534F9F00F937AB /* View.swift */; };
		A9D4F6D81B534F9F00F937AB /* ViewAnimation.swift in Sources */ = {isa = PBXBuildFile; fileRef = A9D4F69D1B534F9F00F937AB /* ViewAnimation.swift */; };
		A9D4F6D91B534F9F00F937AB /* Wedge.swift in Sources */ = {isa = PBXBuildFile; fileRef = A9D4F69E1B534F9F00F937AB /* Wedge.swift */; };
		A9D4F6DA1B534F9F00F937AB /* Bloom.swift in Sources */ = {isa = PBXBuildFile; fileRef = A9D4F6A01B534F9F00F937AB /* Bloom.swift */; };
		A9D4F6DB1B534F9F00F937AB /* Checkerboard.swift in Sources */ = {isa = PBXBuildFile; fileRef = A9D4F6A11B534F9F00F937AB /* Checkerboard.swift */; };
		A9D4F6DC1B534F9F00F937AB /* ColorBurn.swift in Sources */ = {isa = PBXBuildFile; fileRef = A9D4F6A21B534F9F00F937AB /* ColorBurn.swift */; };
		A9D4F6DD1B534F9F00F937AB /* DotScreen.swift in Sources */ = {isa = PBXBuildFile; fileRef = A9D4F6A31B534F9F00F937AB /* DotScreen.swift */; };
		A9D4F6DE1B534F9F00F937AB /* GaussianBlur.swift in Sources */ = {isa = PBXBuildFile; fileRef = A9D4F6A41B534F9F00F937AB /* GaussianBlur.swift */; };
		A9D4F6DF1B534F9F00F937AB /* HueAdjust.swift in Sources */ = {isa = PBXBuildFile; fileRef = A9D4F6A51B534F9F00F937AB /* HueAdjust.swift */; };
		A9D4F6E01B534F9F00F937AB /* LinearGradient.swift in Sources */ = {isa = PBXBuildFile; fileRef = A9D4F6A61B534F9F00F937AB /* LinearGradient.swift */; };
		A9D4F6E11B534F9F00F937AB /* Sepia.swift in Sources */ = {isa = PBXBuildFile; fileRef = A9D4F6A71B534F9F00F937AB /* Sepia.swift */; };
		A9D4F6E21B534F9F00F937AB /* Sharpen.swift in Sources */ = {isa = PBXBuildFile; fileRef = A9D4F6A81B534F9F00F937AB /* Sharpen.swift */; };
		A9D4F6E31B534F9F00F937AB /* Twirl.swift in Sources */ = {isa = PBXBuildFile; fileRef = A9D4F6A91B534F9F00F937AB /* Twirl.swift */; };
		A9D4F6E41B534F9F00F937AB /* UIGestureRecognizer+Closure.swift in Sources */ = {isa = PBXBuildFile; fileRef = A9D4F6AA1B534F9F00F937AB /* UIGestureRecognizer+Closure.swift */; };
		A9D4F6E51B534F9F00F937AB /* UIViewController+C4View.swift in Sources */ = {isa = PBXBuildFile; fileRef = A9D4F6AB1B534F9F00F937AB /* UIViewController+C4View.swift */; };
		A9D4F6E71B53517400F937AB /* C4.h in Headers */ = {isa = PBXBuildFile; fileRef = A9D4F6E61B53516400F937AB /* C4.h */; settings = {ATTRIBUTES = (Public, ); }; };
		D917E1361B83E0920084BC82 /* Gradient.swift in Sources */ = {isa = PBXBuildFile; fileRef = D917E1351B83E0920084BC82 /* Gradient.swift */; };
		D917E1381B83E1DB0084BC82 /* GradientLayer.swift in Sources */ = {isa = PBXBuildFile; fileRef = D917E1371B83E1DB0084BC82 /* GradientLayer.swift */; };
/* End PBXBuildFile section */

/* Begin PBXContainerItemProxy section */
		A94E3BD219E0E9340039A9C4 /* PBXContainerItemProxy */ = {
			isa = PBXContainerItemProxy;
			containerPortal = 614F823A19DB5ED3001DF1D4 /* Project object */;
			proxyType = 1;
			remoteGlobalIDString = 614F824219DB5ED3001DF1D4;
			remoteInfo = C4iOS;
		};
		A96F507C1B5385AF002B3A46 /* PBXContainerItemProxy */ = {
			isa = PBXContainerItemProxy;
			containerPortal = 614F823A19DB5ED3001DF1D4 /* Project object */;
			proxyType = 1;
			remoteGlobalIDString = A96F50591B5385A5002B3A46;
			remoteInfo = C4App;
		};
		A96F50801B538650002B3A46 /* PBXContainerItemProxy */ = {
			isa = PBXContainerItemProxy;
			containerPortal = 614F823A19DB5ED3001DF1D4 /* Project object */;
			proxyType = 1;
			remoteGlobalIDString = 614F824219DB5ED3001DF1D4;
			remoteInfo = C4;
		};
/* End PBXContainerItemProxy section */

/* Begin PBXCopyFilesBuildPhase section */
		A96F50821B538650002B3A46 /* Embed Frameworks */ = {
			isa = PBXCopyFilesBuildPhase;
			buildActionMask = 2147483647;
			dstPath = "";
			dstSubfolderSpec = 10;
			files = (
				A96F507F1B538650002B3A46 /* C4.framework in Embed Frameworks */,
			);
			name = "Embed Frameworks";
			runOnlyForDeploymentPostprocessing = 0;
		};
/* End PBXCopyFilesBuildPhase section */

/* Begin PBXFileReference section */
		1F40C6FA1C82ADF0004AE1E7 /* Camera.swift */ = {isa = PBXFileReference; fileEncoding = 4; lastKnownFileType = sourcecode.swift; path = Camera.swift; sourceTree = "<group>"; };
		1F754DCA1C48EE600036D39F /* ImageLayer.swift */ = {isa = PBXFileReference; fileEncoding = 4; lastKnownFileType = sourcecode.swift; path = ImageLayer.swift; sourceTree = "<group>"; };
		1F75FDE81C5B1FE700EB62C2 /* C4Loop.aif */ = {isa = PBXFileReference; lastKnownFileType = file; path = C4Loop.aif; sourceTree = "<group>"; };
		1F75FDE91C5B1FE700EB62C2 /* halo.mp4 */ = {isa = PBXFileReference; lastKnownFileType = file; path = halo.mp4; sourceTree = "<group>"; };
		1F75FDEA1C5B1FE700EB62C2 /* haloGray.mp4 */ = {isa = PBXFileReference; lastKnownFileType = file; path = haloGray.mp4; sourceTree = "<group>"; };
		1F75FE941C5CADBF00EB62C2 /* ScreenRecorder.swift */ = {isa = PBXFileReference; fileEncoding = 4; lastKnownFileType = sourcecode.swift; path = ScreenRecorder.swift; sourceTree = "<group>"; };
		1FAB35E71C5372CE00620741 /* Pixel.swift */ = {isa = PBXFileReference; fileEncoding = 4; lastKnownFileType = sourcecode.swift; path = Pixel.swift; sourceTree = "<group>"; };
		1FAB35E91C53745300620741 /* Layer.swift */ = {isa = PBXFileReference; fileEncoding = 4; lastKnownFileType = sourcecode.swift; path = Layer.swift; sourceTree = "<group>"; };
		1FAB35EB1C53749500620741 /* UIView+AddRemove.swift */ = {isa = PBXFileReference; fileEncoding = 4; lastKnownFileType = sourcecode.swift; path = "UIView+AddRemove.swift"; sourceTree = "<group>"; };
		614F824319DB5ED3001DF1D4 /* C4.framework */ = {isa = PBXFileReference; explicitFileType = wrapper.framework; includeInIndex = 0; path = C4.framework; sourceTree = BUILT_PRODUCTS_DIR; };
		614F824E19DB5ED4001DF1D4 /* C4Tests.xctest */ = {isa = PBXFileReference; explicitFileType = wrapper.cfbundle; includeInIndex = 0; path = C4Tests.xctest; sourceTree = BUILT_PRODUCTS_DIR; };
		61B92B451C7B963B003BD61C /* PlayerLayer.swift */ = {isa = PBXFileReference; fileEncoding = 4; lastKnownFileType = sourcecode.swift; path = PlayerLayer.swift; sourceTree = "<group>"; };
		61B92B461C7B963B003BD61C /* Timer.swift */ = {isa = PBXFileReference; fileEncoding = 4; lastKnownFileType = sourcecode.swift; path = Timer.swift; sourceTree = "<group>"; };
		61B92B471C7B963B003BD61C /* View+Render.swift */ = {isa = PBXFileReference; fileEncoding = 4; lastKnownFileType = sourcecode.swift; path = "View+Render.swift"; sourceTree = "<group>"; };
		61B92B4B1C7B96B8003BD61C /* RectTests.swift */ = {isa = PBXFileReference; fileEncoding = 4; lastKnownFileType = sourcecode.swift; path = RectTests.swift; sourceTree = "<group>"; };
		61BBAF621BC372BD00A03FD0 /* StoredAnimation.swift */ = {isa = PBXFileReference; fileEncoding = 4; lastKnownFileType = sourcecode.swift; path = StoredAnimation.swift; sourceTree = "<group>"; };
		61BBAF641BC38C1200A03FD0 /* View+KeyValues.swift */ = {isa = PBXFileReference; fileEncoding = 4; lastKnownFileType = sourcecode.swift; path = "View+KeyValues.swift"; sourceTree = "<group>"; };
		A9596D291A054A960023323D /* Info.plist */ = {isa = PBXFileReference; lastKnownFileType = text.plist.xml; path = Info.plist; sourceTree = "<group>"; };
		A9596D401A054B4F0023323D /* ColorTests.swift */ = {isa = PBXFileReference; fileEncoding = 4; lastKnownFileType = sourcecode.swift; path = ColorTests.swift; sourceTree = "<group>"; };
		A9596D411A054B4F0023323D /* MathTests.swift */ = {isa = PBXFileReference; fileEncoding = 4; lastKnownFileType = sourcecode.swift; path = MathTests.swift; sourceTree = "<group>"; };
		A9596D421A054B4F0023323D /* PointTests.swift */ = {isa = PBXFileReference; fileEncoding = 4; lastKnownFileType = sourcecode.swift; path = PointTests.swift; sourceTree = "<group>"; };
		A9596D431A054B4F0023323D /* VectorTests.swift */ = {isa = PBXFileReference; fileEncoding = 4; lastKnownFileType = sourcecode.swift; path = VectorTests.swift; sourceTree = "<group>"; };
		A96F505A1B5385A5002B3A46 /* C4App.app */ = {isa = PBXFileReference; explicitFileType = wrapper.application; includeInIndex = 0; path = C4App.app; sourceTree = BUILT_PRODUCTS_DIR; };
		A96F505D1B5385A5002B3A46 /* Info.plist */ = {isa = PBXFileReference; lastKnownFileType = text.plist.xml; path = Info.plist; sourceTree = "<group>"; };
		A96F505E1B5385A5002B3A46 /* AppDelegate.swift */ = {isa = PBXFileReference; lastKnownFileType = sourcecode.swift; path = AppDelegate.swift; sourceTree = "<group>"; };
		A96F50601B5385A5002B3A46 /* ViewController.swift */ = {isa = PBXFileReference; lastKnownFileType = sourcecode.swift; path = ViewController.swift; sourceTree = "<group>"; };
		A96F50631B5385A5002B3A46 /* Base */ = {isa = PBXFileReference; lastKnownFileType = file.storyboard; name = Base; path = Base.lproj/Main.storyboard; sourceTree = "<group>"; };
		A96F50651B5385A5002B3A46 /* Images.xcassets */ = {isa = PBXFileReference; lastKnownFileType = folder.assetcatalog; path = Images.xcassets; sourceTree = "<group>"; };
		A96F50681B5385A5002B3A46 /* Base */ = {isa = PBXFileReference; lastKnownFileType = file.xib; name = Base; path = Base.lproj/LaunchScreen.xib; sourceTree = "<group>"; };
		A988A9161A4F57330044007C /* TransformTests.swift */ = {isa = PBXFileReference; fileEncoding = 4; lastKnownFileType = sourcecode.swift; path = TransformTests.swift; sourceTree = "<group>"; };
		A9BC57261C50ABA80068BBA3 /* UIImage+Color.swift */ = {isa = PBXFileReference; fileEncoding = 4; lastKnownFileType = sourcecode.swift; path = "UIImage+Color.swift"; sourceTree = "<group>"; };
		A9D4F6711B534F9F00F937AB /* Color.swift */ = {isa = PBXFileReference; fileEncoding = 4; lastKnownFileType = sourcecode.swift; path = Color.swift; sourceTree = "<group>"; };
		A9D4F6721B534F9F00F937AB /* EventSource.swift */ = {isa = PBXFileReference; fileEncoding = 4; lastKnownFileType = sourcecode.swift; path = EventSource.swift; sourceTree = "<group>"; };
		A9D4F6731B534F9F00F937AB /* Foundation.swift */ = {isa = PBXFileReference; fileEncoding = 4; lastKnownFileType = sourcecode.swift; path = Foundation.swift; sourceTree = "<group>"; };
		A9D4F6741B534F9F00F937AB /* Math.swift */ = {isa = PBXFileReference; fileEncoding = 4; lastKnownFileType = sourcecode.swift; path = Math.swift; sourceTree = "<group>"; };
		A9D4F6761B534F9F00F937AB /* Path.swift */ = {isa = PBXFileReference; fileEncoding = 4; lastKnownFileType = sourcecode.swift; path = Path.swift; sourceTree = "<group>"; };
		A9D4F6771B534F9F00F937AB /* Point.swift */ = {isa = PBXFileReference; fileEncoding = 4; lastKnownFileType = sourcecode.swift; path = Point.swift; sourceTree = "<group>"; };
		A9D4F6781B534F9F00F937AB /* Rect.swift */ = {isa = PBXFileReference; fileEncoding = 4; lastKnownFileType = sourcecode.swift; path = Rect.swift; sourceTree = "<group>"; };
		A9D4F6791B534F9F00F937AB /* Size.swift */ = {isa = PBXFileReference; fileEncoding = 4; lastKnownFileType = sourcecode.swift; path = Size.swift; sourceTree = "<group>"; };
		A9D4F67A1B534F9F00F937AB /* Transform.swift */ = {isa = PBXFileReference; fileEncoding = 4; lastKnownFileType = sourcecode.swift; path = Transform.swift; sourceTree = "<group>"; };
		A9D4F67B1B534F9F00F937AB /* Vector.swift */ = {isa = PBXFileReference; fileEncoding = 4; lastKnownFileType = sourcecode.swift; path = Vector.swift; sourceTree = "<group>"; };
		A9D4F67C1B534F9F00F937AB /* Info.plist */ = {isa = PBXFileReference; fileEncoding = 4; lastKnownFileType = text.plist.xml; path = Info.plist; sourceTree = "<group>"; };
		A9D4F67E1B534F9F00F937AB /* Animation.swift */ = {isa = PBXFileReference; fileEncoding = 4; lastKnownFileType = sourcecode.swift; path = Animation.swift; sourceTree = "<group>"; };
		A9D4F6801B534F9F00F937AB /* Arc.swift */ = {isa = PBXFileReference; fileEncoding = 4; lastKnownFileType = sourcecode.swift; path = Arc.swift; sourceTree = "<group>"; };
		A9D4F6811B534F9F00F937AB /* AudioPlayer.swift */ = {isa = PBXFileReference; fileEncoding = 4; lastKnownFileType = sourcecode.swift; path = AudioPlayer.swift; sourceTree = "<group>"; };
		A9D4F6821B534F9F00F937AB /* CanvasController.swift */ = {isa = PBXFileReference; fileEncoding = 4; lastKnownFileType = sourcecode.swift; path = CanvasController.swift; sourceTree = "<group>"; };
		A9D4F6831B534F9F00F937AB /* Circle.swift */ = {isa = PBXFileReference; fileEncoding = 4; lastKnownFileType = sourcecode.swift; path = Circle.swift; sourceTree = "<group>"; };
		A9D4F6841B534F9F00F937AB /* Curve.swift */ = {isa = PBXFileReference; fileEncoding = 4; lastKnownFileType = sourcecode.swift; path = Curve.swift; sourceTree = "<group>"; };
		A9D4F6851B534F9F00F937AB /* Ellipse.swift */ = {isa = PBXFileReference; fileEncoding = 4; lastKnownFileType = sourcecode.swift; path = Ellipse.swift; sourceTree = "<group>"; };
		A9D4F6861B534F9F00F937AB /* Filter.swift */ = {isa = PBXFileReference; fileEncoding = 4; lastKnownFileType = sourcecode.swift; path = Filter.swift; sourceTree = "<group>"; };
		A9D4F6871B534F9F00F937AB /* Font.swift */ = {isa = PBXFileReference; fileEncoding = 4; lastKnownFileType = sourcecode.swift; path = Font.swift; sourceTree = "<group>"; };
		A9D4F6881B534F9F00F937AB /* Generator.swift */ = {isa = PBXFileReference; fileEncoding = 4; lastKnownFileType = sourcecode.swift; path = Generator.swift; sourceTree = "<group>"; };
		A9D4F6891B534F9F00F937AB /* Image+Crop.swift */ = {isa = PBXFileReference; fileEncoding = 4; lastKnownFileType = sourcecode.swift; path = "Image+Crop.swift"; sourceTree = "<group>"; };
		A9D4F68A1B534F9F00F937AB /* Image+Filter.swift */ = {isa = PBXFileReference; fileEncoding = 4; lastKnownFileType = sourcecode.swift; path = "Image+Filter.swift"; sourceTree = "<group>"; };
		A9D4F68B1B534F9F00F937AB /* Image+Generator.swift */ = {isa = PBXFileReference; fileEncoding = 4; lastKnownFileType = sourcecode.swift; path = "Image+Generator.swift"; sourceTree = "<group>"; };
		A9D4F68C1B534F9F00F937AB /* Image.swift */ = {isa = PBXFileReference; fileEncoding = 4; lastKnownFileType = sourcecode.swift; path = Image.swift; sourceTree = "<group>"; };
		A9D4F68D1B534F9F00F937AB /* Line.swift */ = {isa = PBXFileReference; fileEncoding = 4; lastKnownFileType = sourcecode.swift; path = Line.swift; sourceTree = "<group>"; };
		A9D4F68E1B534F9F00F937AB /* Movie.swift */ = {isa = PBXFileReference; fileEncoding = 4; lastKnownFileType = sourcecode.swift; path = Movie.swift; sourceTree = "<group>"; };
		A9D4F68F1B534F9F00F937AB /* Polygon.swift */ = {isa = PBXFileReference; fileEncoding = 4; lastKnownFileType = sourcecode.swift; path = Polygon.swift; sourceTree = "<group>"; };
		A9D4F6901B534F9F00F937AB /* QuadCurve.swift */ = {isa = PBXFileReference; fileEncoding = 4; lastKnownFileType = sourcecode.swift; path = QuadCurve.swift; sourceTree = "<group>"; };
		A9D4F6911B534F9F00F937AB /* Rectangle.swift */ = {isa = PBXFileReference; fileEncoding = 4; lastKnownFileType = sourcecode.swift; path = Rectangle.swift; sourceTree = "<group>"; };
		A9D4F6921B534F9F00F937AB /* RegularPolygon.swift */ = {isa = PBXFileReference; fileEncoding = 4; lastKnownFileType = sourcecode.swift; path = RegularPolygon.swift; sourceTree = "<group>"; };
		A9D4F6931B534F9F00F937AB /* Shape+Creation.swift */ = {isa = PBXFileReference; fileEncoding = 4; lastKnownFileType = sourcecode.swift; path = "Shape+Creation.swift"; sourceTree = "<group>"; };
		A9D4F6941B534F9F00F937AB /* Shape.swift */ = {isa = PBXFileReference; fileEncoding = 4; lastKnownFileType = sourcecode.swift; path = Shape.swift; sourceTree = "<group>"; };
		A9D4F6951B534F9F00F937AB /* ShapeLayer.swift */ = {isa = PBXFileReference; fileEncoding = 4; lastKnownFileType = sourcecode.swift; path = ShapeLayer.swift; sourceTree = "<group>"; };
		A9D4F6961B534F9F00F937AB /* Star.swift */ = {isa = PBXFileReference; fileEncoding = 4; lastKnownFileType = sourcecode.swift; path = Star.swift; sourceTree = "<group>"; };
		A9D4F6971B534F9F00F937AB /* TextShape.swift */ = {isa = PBXFileReference; fileEncoding = 4; lastKnownFileType = sourcecode.swift; path = TextShape.swift; sourceTree = "<group>"; };
		A9D4F6981B534F9F00F937AB /* Triangle.swift */ = {isa = PBXFileReference; fileEncoding = 4; lastKnownFileType = sourcecode.swift; path = Triangle.swift; sourceTree = "<group>"; };
		A9D4F6991B534F9F00F937AB /* View+Animation.swift */ = {isa = PBXFileReference; fileEncoding = 4; lastKnownFileType = sourcecode.swift; path = "View+Animation.swift"; sourceTree = "<group>"; };
		A9D4F69A1B534F9F00F937AB /* View+Border.swift */ = {isa = PBXFileReference; fileEncoding = 4; lastKnownFileType = sourcecode.swift; path = "View+Border.swift"; sourceTree = "<group>"; };
		A9D4F69B1B534F9F00F937AB /* View+Shadow.swift */ = {isa = PBXFileReference; fileEncoding = 4; lastKnownFileType = sourcecode.swift; path = "View+Shadow.swift"; sourceTree = "<group>"; };
		A9D4F69C1B534F9F00F937AB /* View.swift */ = {isa = PBXFileReference; fileEncoding = 4; lastKnownFileType = sourcecode.swift; path = View.swift; sourceTree = "<group>"; };
		A9D4F69D1B534F9F00F937AB /* ViewAnimation.swift */ = {isa = PBXFileReference; fileEncoding = 4; lastKnownFileType = sourcecode.swift; path = ViewAnimation.swift; sourceTree = "<group>"; };
		A9D4F69E1B534F9F00F937AB /* Wedge.swift */ = {isa = PBXFileReference; fileEncoding = 4; lastKnownFileType = sourcecode.swift; path = Wedge.swift; sourceTree = "<group>"; };
		A9D4F6A01B534F9F00F937AB /* Bloom.swift */ = {isa = PBXFileReference; fileEncoding = 4; lastKnownFileType = sourcecode.swift; path = Bloom.swift; sourceTree = "<group>"; };
		A9D4F6A11B534F9F00F937AB /* Checkerboard.swift */ = {isa = PBXFileReference; fileEncoding = 4; lastKnownFileType = sourcecode.swift; path = Checkerboard.swift; sourceTree = "<group>"; };
		A9D4F6A21B534F9F00F937AB /* ColorBurn.swift */ = {isa = PBXFileReference; fileEncoding = 4; lastKnownFileType = sourcecode.swift; path = ColorBurn.swift; sourceTree = "<group>"; };
		A9D4F6A31B534F9F00F937AB /* DotScreen.swift */ = {isa = PBXFileReference; fileEncoding = 4; lastKnownFileType = sourcecode.swift; path = DotScreen.swift; sourceTree = "<group>"; };
		A9D4F6A41B534F9F00F937AB /* GaussianBlur.swift */ = {isa = PBXFileReference; fileEncoding = 4; lastKnownFileType = sourcecode.swift; path = GaussianBlur.swift; sourceTree = "<group>"; };
		A9D4F6A51B534F9F00F937AB /* HueAdjust.swift */ = {isa = PBXFileReference; fileEncoding = 4; lastKnownFileType = sourcecode.swift; path = HueAdjust.swift; sourceTree = "<group>"; };
		A9D4F6A61B534F9F00F937AB /* LinearGradient.swift */ = {isa = PBXFileReference; fileEncoding = 4; lastKnownFileType = sourcecode.swift; path = LinearGradient.swift; sourceTree = "<group>"; };
		A9D4F6A71B534F9F00F937AB /* Sepia.swift */ = {isa = PBXFileReference; fileEncoding = 4; lastKnownFileType = sourcecode.swift; path = Sepia.swift; sourceTree = "<group>"; };
		A9D4F6A81B534F9F00F937AB /* Sharpen.swift */ = {isa = PBXFileReference; fileEncoding = 4; lastKnownFileType = sourcecode.swift; path = Sharpen.swift; sourceTree = "<group>"; };
		A9D4F6A91B534F9F00F937AB /* Twirl.swift */ = {isa = PBXFileReference; fileEncoding = 4; lastKnownFileType = sourcecode.swift; path = Twirl.swift; sourceTree = "<group>"; };
		A9D4F6AA1B534F9F00F937AB /* UIGestureRecognizer+Closure.swift */ = {isa = PBXFileReference; fileEncoding = 4; lastKnownFileType = sourcecode.swift; path = "UIGestureRecognizer+Closure.swift"; sourceTree = "<group>"; };
		A9D4F6AB1B534F9F00F937AB /* UIViewController+C4View.swift */ = {isa = PBXFileReference; fileEncoding = 4; lastKnownFileType = sourcecode.swift; path = "UIViewController+C4View.swift"; sourceTree = "<group>"; };
		A9D4F6E61B53516400F937AB /* C4.h */ = {isa = PBXFileReference; lastKnownFileType = sourcecode.c.h; path = C4.h; sourceTree = "<group>"; };
		D917E1351B83E0920084BC82 /* Gradient.swift */ = {isa = PBXFileReference; fileEncoding = 4; lastKnownFileType = sourcecode.swift; path = Gradient.swift; sourceTree = "<group>"; };
		D917E1371B83E1DB0084BC82 /* GradientLayer.swift */ = {isa = PBXFileReference; fileEncoding = 4; lastKnownFileType = sourcecode.swift; path = GradientLayer.swift; sourceTree = "<group>"; };
/* End PBXFileReference section */

/* Begin PBXFrameworksBuildPhase section */
		614F823F19DB5ED3001DF1D4 /* Frameworks */ = {
			isa = PBXFrameworksBuildPhase;
			buildActionMask = 2147483647;
			files = (
			);
			runOnlyForDeploymentPostprocessing = 0;
		};
		614F824B19DB5ED4001DF1D4 /* Frameworks */ = {
			isa = PBXFrameworksBuildPhase;
			buildActionMask = 2147483647;
			files = (
				A94E3BD419E0E9390039A9C4 /* C4.framework in Frameworks */,
			);
			runOnlyForDeploymentPostprocessing = 0;
		};
		A96F50571B5385A5002B3A46 /* Frameworks */ = {
			isa = PBXFrameworksBuildPhase;
			buildActionMask = 2147483647;
			files = (
				A96F507E1B538650002B3A46 /* C4.framework in Frameworks */,
			);
			runOnlyForDeploymentPostprocessing = 0;
		};
/* End PBXFrameworksBuildPhase section */

/* Begin PBXGroup section */
		614F823919DB5ED3001DF1D4 = {
			isa = PBXGroup;
			children = (
				A9D4F66E1B534F9F00F937AB /* C4 */,
				A9596D271A054A960023323D /* C4Tests */,
				A96F505B1B5385A5002B3A46 /* C4App */,
				614F824419DB5ED3001DF1D4 /* Products */,
			);
			sourceTree = "<group>";
		};
		614F824419DB5ED3001DF1D4 /* Products */ = {
			isa = PBXGroup;
			children = (
				614F824319DB5ED3001DF1D4 /* C4.framework */,
				614F824E19DB5ED4001DF1D4 /* C4Tests.xctest */,
				A96F505A1B5385A5002B3A46 /* C4App.app */,
			);
			name = Products;
			sourceTree = "<group>";
		};
		A9596D271A054A960023323D /* C4Tests */ = {
			isa = PBXGroup;
			children = (
				A9596D401A054B4F0023323D /* ColorTests.swift */,
				A9596D411A054B4F0023323D /* MathTests.swift */,
				A9596D421A054B4F0023323D /* PointTests.swift */,
				61B92B4B1C7B96B8003BD61C /* RectTests.swift */,
				A9596D431A054B4F0023323D /* VectorTests.swift */,
				A988A9161A4F57330044007C /* TransformTests.swift */,
				A9596D281A054A960023323D /* Supporting Files */,
			);
			path = C4Tests;
			sourceTree = SOURCE_ROOT;
		};
		A9596D281A054A960023323D /* Supporting Files */ = {
			isa = PBXGroup;
			children = (
				A9596D291A054A960023323D /* Info.plist */,
			);
			name = "Supporting Files";
			sourceTree = "<group>";
		};
		A96F505B1B5385A5002B3A46 /* C4App */ = {
			isa = PBXGroup;
			children = (
				A96F505E1B5385A5002B3A46 /* AppDelegate.swift */,
				A96F50601B5385A5002B3A46 /* ViewController.swift */,
				A96F50621B5385A5002B3A46 /* Main.storyboard */,
				1F75FDE81C5B1FE700EB62C2 /* C4Loop.aif */,
				1F75FDE91C5B1FE700EB62C2 /* halo.mp4 */,
				1F75FDEA1C5B1FE700EB62C2 /* haloGray.mp4 */,
				A96F50651B5385A5002B3A46 /* Images.xcassets */,
				A96F50671B5385A5002B3A46 /* LaunchScreen.xib */,
				A96F505C1B5385A5002B3A46 /* Supporting Files */,
			);
			path = C4App;
			sourceTree = "<group>";
		};
		A96F505C1B5385A5002B3A46 /* Supporting Files */ = {
			isa = PBXGroup;
			children = (
				A96F505D1B5385A5002B3A46 /* Info.plist */,
			);
			name = "Supporting Files";
			sourceTree = "<group>";
		};
		A9D4F66E1B534F9F00F937AB /* C4 */ = {
			isa = PBXGroup;
			children = (
				A9D4F6E61B53516400F937AB /* C4.h */,
				A9D4F67C1B534F9F00F937AB /* Info.plist */,
				A9D4F6701B534F9F00F937AB /* Core */,
				A9D4F67D1B534F9F00F937AB /* UI */,
			);
			path = C4;
			sourceTree = "<group>";
		};
		A9D4F6701B534F9F00F937AB /* Core */ = {
			isa = PBXGroup;
			children = (
				A9D4F6711B534F9F00F937AB /* Color.swift */,
				A9D4F6721B534F9F00F937AB /* EventSource.swift */,
				A9D4F6731B534F9F00F937AB /* Foundation.swift */,
				A9D4F6741B534F9F00F937AB /* Math.swift */,
				A9D4F6761B534F9F00F937AB /* Path.swift */,
				A9D4F6771B534F9F00F937AB /* Point.swift */,
				A9D4F6781B534F9F00F937AB /* Rect.swift */,
				A9D4F6791B534F9F00F937AB /* Size.swift */,
				A9D4F67A1B534F9F00F937AB /* Transform.swift */,
				A9D4F67B1B534F9F00F937AB /* Vector.swift */,
			);
			path = Core;
			sourceTree = "<group>";
		};
		A9D4F67D1B534F9F00F937AB /* UI */ = {
			isa = PBXGroup;
			children = (
				A9D4F69F1B534F9F00F937AB /* Filters */,
				A9D4F67E1B534F9F00F937AB /* Animation.swift */,
				A9D4F6801B534F9F00F937AB /* Arc.swift */,
				A9D4F6811B534F9F00F937AB /* AudioPlayer.swift */,
				1F40C6FA1C82ADF0004AE1E7 /* Camera.swift */,
				A9D4F6821B534F9F00F937AB /* CanvasController.swift */,
				A9D4F6831B534F9F00F937AB /* Circle.swift */,
				A9D4F6841B534F9F00F937AB /* Curve.swift */,
				A9D4F6851B534F9F00F937AB /* Ellipse.swift */,
				A9D4F6861B534F9F00F937AB /* Filter.swift */,
				A9D4F6871B534F9F00F937AB /* Font.swift */,
				A9D4F6881B534F9F00F937AB /* Generator.swift */,
				D917E1351B83E0920084BC82 /* Gradient.swift */,
				D917E1371B83E1DB0084BC82 /* GradientLayer.swift */,
				A9D4F68C1B534F9F00F937AB /* Image.swift */,
				A9D4F6891B534F9F00F937AB /* Image+Crop.swift */,
				A9D4F68A1B534F9F00F937AB /* Image+Filter.swift */,
				A9D4F68B1B534F9F00F937AB /* Image+Generator.swift */,
				1F754DCA1C48EE600036D39F /* ImageLayer.swift */,
				1FAB35E91C53745300620741 /* Layer.swift */,
				A9D4F68D1B534F9F00F937AB /* Line.swift */,
				A9D4F68E1B534F9F00F937AB /* Movie.swift */,
				1FAB35E71C5372CE00620741 /* Pixel.swift */,
				61B92B451C7B963B003BD61C /* PlayerLayer.swift */,
				A9D4F68F1B534F9F00F937AB /* Polygon.swift */,
				A9D4F6901B534F9F00F937AB /* QuadCurve.swift */,
				A9D4F6911B534F9F00F937AB /* Rectangle.swift */,
				A9D4F6921B534F9F00F937AB /* RegularPolygon.swift */,
				1F75FE941C5CADBF00EB62C2 /* ScreenRecorder.swift */,
				A9D4F6941B534F9F00F937AB /* Shape.swift */,
				A9D4F6931B534F9F00F937AB /* Shape+Creation.swift */,
				A9D4F6951B534F9F00F937AB /* ShapeLayer.swift */,
				A9D4F6961B534F9F00F937AB /* Star.swift */,
				61BBAF621BC372BD00A03FD0 /* StoredAnimation.swift */,
				A9D4F6971B534F9F00F937AB /* TextShape.swift */,
				61B92B461C7B963B003BD61C /* Timer.swift */,
				A9D4F6981B534F9F00F937AB /* Triangle.swift */,
				A9D4F6AA1B534F9F00F937AB /* UIGestureRecognizer+Closure.swift */,
				A9BC57261C50ABA80068BBA3 /* UIImage+Color.swift */,
				1FAB35EB1C53749500620741 /* UIView+AddRemove.swift */,
				A9D4F6AB1B534F9F00F937AB /* UIViewController+C4View.swift */,
				A9D4F69C1B534F9F00F937AB /* View.swift */,
				A9D4F6991B534F9F00F937AB /* View+Animation.swift */,
				A9D4F69A1B534F9F00F937AB /* View+Border.swift */,
				61BBAF641BC38C1200A03FD0 /* View+KeyValues.swift */,
				61B92B471C7B963B003BD61C /* View+Render.swift */,
				A9D4F69B1B534F9F00F937AB /* View+Shadow.swift */,
				A9D4F69D1B534F9F00F937AB /* ViewAnimation.swift */,
				A9D4F69E1B534F9F00F937AB /* Wedge.swift */,
			);
			path = UI;
			sourceTree = "<group>";
		};
		A9D4F69F1B534F9F00F937AB /* Filters */ = {
			isa = PBXGroup;
			children = (
				A9D4F6A01B534F9F00F937AB /* Bloom.swift */,
				A9D4F6A11B534F9F00F937AB /* Checkerboard.swift */,
				A9D4F6A21B534F9F00F937AB /* ColorBurn.swift */,
				A9D4F6A31B534F9F00F937AB /* DotScreen.swift */,
				A9D4F6A41B534F9F00F937AB /* GaussianBlur.swift */,
				A9D4F6A51B534F9F00F937AB /* HueAdjust.swift */,
				A9D4F6A61B534F9F00F937AB /* LinearGradient.swift */,
				A9D4F6A71B534F9F00F937AB /* Sepia.swift */,
				A9D4F6A81B534F9F00F937AB /* Sharpen.swift */,
				A9D4F6A91B534F9F00F937AB /* Twirl.swift */,
			);
			path = Filters;
			sourceTree = "<group>";
		};
/* End PBXGroup section */

/* Begin PBXHeadersBuildPhase section */
		614F824019DB5ED3001DF1D4 /* Headers */ = {
			isa = PBXHeadersBuildPhase;
			buildActionMask = 2147483647;
			files = (
				A9D4F6E71B53517400F937AB /* C4.h in Headers */,
			);
			runOnlyForDeploymentPostprocessing = 0;
		};
/* End PBXHeadersBuildPhase section */

/* Begin PBXNativeTarget section */
		614F824219DB5ED3001DF1D4 /* C4 */ = {
			isa = PBXNativeTarget;
			buildConfigurationList = 614F825619DB5ED4001DF1D4 /* Build configuration list for PBXNativeTarget "C4" */;
			buildPhases = (
				614F823E19DB5ED3001DF1D4 /* Sources */,
				614F823F19DB5ED3001DF1D4 /* Frameworks */,
				614F824019DB5ED3001DF1D4 /* Headers */,
				614F824119DB5ED3001DF1D4 /* Resources */,
				61A979591C533E8A00899F73 /* Swift Lint */,
			);
			buildRules = (
			);
			dependencies = (
			);
			name = C4;
			productName = C4iOS;
			productReference = 614F824319DB5ED3001DF1D4 /* C4.framework */;
			productType = "com.apple.product-type.framework";
		};
		614F824D19DB5ED4001DF1D4 /* C4Tests */ = {
			isa = PBXNativeTarget;
			buildConfigurationList = 614F825919DB5ED4001DF1D4 /* Build configuration list for PBXNativeTarget "C4Tests" */;
			buildPhases = (
				614F824A19DB5ED4001DF1D4 /* Sources */,
				614F824B19DB5ED4001DF1D4 /* Frameworks */,
				614F824C19DB5ED4001DF1D4 /* Resources */,
			);
			buildRules = (
			);
			dependencies = (
				A94E3BD319E0E9340039A9C4 /* PBXTargetDependency */,
				A96F507D1B5385AF002B3A46 /* PBXTargetDependency */,
			);
			name = C4Tests;
			productName = C4iOSTests;
			productReference = 614F824E19DB5ED4001DF1D4 /* C4Tests.xctest */;
			productType = "com.apple.product-type.bundle.unit-test";
		};
		A96F50591B5385A5002B3A46 /* C4App */ = {
			isa = PBXNativeTarget;
			buildConfigurationList = A96F50761B5385A5002B3A46 /* Build configuration list for PBXNativeTarget "C4App" */;
			buildPhases = (
				A96F50561B5385A5002B3A46 /* Sources */,
				A96F50571B5385A5002B3A46 /* Frameworks */,
				A96F50581B5385A5002B3A46 /* Resources */,
				A96F50821B538650002B3A46 /* Embed Frameworks */,
			);
			buildRules = (
			);
			dependencies = (
				A96F50811B538650002B3A46 /* PBXTargetDependency */,
			);
			name = C4App;
			productName = C4App;
			productReference = A96F505A1B5385A5002B3A46 /* C4App.app */;
			productType = "com.apple.product-type.application";
		};
/* End PBXNativeTarget section */

/* Begin PBXProject section */
		614F823A19DB5ED3001DF1D4 /* Project object */ = {
			isa = PBXProject;
			attributes = {
				LastSwiftMigration = 0700;
				LastSwiftUpdateCheck = 0700;
				LastUpgradeCheck = 0700;
				ORGANIZATIONNAME = C4;
				TargetAttributes = {
					614F824219DB5ED3001DF1D4 = {
						CreatedOnToolsVersion = 6.0;
					};
					614F824D19DB5ED4001DF1D4 = {
						CreatedOnToolsVersion = 6.0;
						TestTargetID = A96F50591B5385A5002B3A46;
					};
					A96F50591B5385A5002B3A46 = {
						CreatedOnToolsVersion = 6.4;
					};
				};
			};
			buildConfigurationList = 614F823D19DB5ED3001DF1D4 /* Build configuration list for PBXProject "C4iOS" */;
			compatibilityVersion = "Xcode 3.2";
			developmentRegion = English;
			hasScannedForEncodings = 0;
			knownRegions = (
				en,
				Base,
			);
			mainGroup = 614F823919DB5ED3001DF1D4;
			productRefGroup = 614F824419DB5ED3001DF1D4 /* Products */;
			projectDirPath = "";
			projectRoot = "";
			targets = (
				614F824219DB5ED3001DF1D4 /* C4 */,
				614F824D19DB5ED4001DF1D4 /* C4Tests */,
				A96F50591B5385A5002B3A46 /* C4App */,
			);
		};
/* End PBXProject section */

/* Begin PBXResourcesBuildPhase section */
		614F824119DB5ED3001DF1D4 /* Resources */ = {
			isa = PBXResourcesBuildPhase;
			buildActionMask = 2147483647;
			files = (
			);
			runOnlyForDeploymentPostprocessing = 0;
		};
		614F824C19DB5ED4001DF1D4 /* Resources */ = {
			isa = PBXResourcesBuildPhase;
			buildActionMask = 2147483647;
			files = (
			);
			runOnlyForDeploymentPostprocessing = 0;
		};
		A96F50581B5385A5002B3A46 /* Resources */ = {
			isa = PBXResourcesBuildPhase;
			buildActionMask = 2147483647;
			files = (
				A96F50641B5385A5002B3A46 /* Main.storyboard in Resources */,
				1F75FDEB1C5B1FE700EB62C2 /* C4Loop.aif in Resources */,
				1F75FDED1C5B1FE700EB62C2 /* haloGray.mp4 in Resources */,
				A96F50691B5385A5002B3A46 /* LaunchScreen.xib in Resources */,
				1F75FDEC1C5B1FE700EB62C2 /* halo.mp4 in Resources */,
				A96F50661B5385A5002B3A46 /* Images.xcassets in Resources */,
			);
			runOnlyForDeploymentPostprocessing = 0;
		};
/* End PBXResourcesBuildPhase section */

/* Begin PBXShellScriptBuildPhase section */
		61A979591C533E8A00899F73 /* Swift Lint */ = {
			isa = PBXShellScriptBuildPhase;
			buildActionMask = 2147483647;
			files = (
			);
			inputPaths = (
			);
			name = "Swift Lint";
			outputPaths = (
			);
			runOnlyForDeploymentPostprocessing = 0;
			shellPath = /bin/sh;
			shellScript = "if which swiftlint >/dev/null; then\n    swiftlint\nelse\n    echo \"SwiftLint does not exist, download from https://github.com/realm/SwiftLint\"\nfi";
			showEnvVarsInLog = 0;
		};
/* End PBXShellScriptBuildPhase section */

/* Begin PBXSourcesBuildPhase section */
		614F823E19DB5ED3001DF1D4 /* Sources */ = {
			isa = PBXSourcesBuildPhase;
			buildActionMask = 2147483647;
			files = (
				1F754DCB1C48EE600036D39F /* ImageLayer.swift in Sources */,
				A9D4F6C81B534F9F00F937AB /* Line.swift in Sources */,
				A9D4F6B01B534F9F00F937AB /* Math.swift in Sources */,
				A9D4F6CD1B534F9F00F937AB /* RegularPolygon.swift in Sources */,
				61B92B4A1C7B963B003BD61C /* View+Render.swift in Sources */,
				A9D4F6B51B534F9F00F937AB /* Size.swift in Sources */,
				A9D4F6C91B534F9F00F937AB /* Movie.swift in Sources */,
				D917E1361B83E0920084BC82 /* Gradient.swift in Sources */,
				61BBAF631BC372BD00A03FD0 /* StoredAnimation.swift in Sources */,
				A9D4F6C11B534F9F00F937AB /* Filter.swift in Sources */,
				61B92B491C7B963B003BD61C /* Timer.swift in Sources */,
				A9D4F6DA1B534F9F00F937AB /* Bloom.swift in Sources */,
				A9D4F6BE1B534F9F00F937AB /* Circle.swift in Sources */,
				A9D4F6CA1B534F9F00F937AB /* Polygon.swift in Sources */,
				1FAB35EC1C53749500620741 /* UIView+AddRemove.swift in Sources */,
				A9D4F6E21B534F9F00F937AB /* Sharpen.swift in Sources */,
				A9D4F6E51B534F9F00F937AB /* UIViewController+C4View.swift in Sources */,
				A9D4F6C21B534F9F00F937AB /* Font.swift in Sources */,
				A9D4F6DF1B534F9F00F937AB /* HueAdjust.swift in Sources */,
				A9D4F6DD1B534F9F00F937AB /* DotScreen.swift in Sources */,
				A9D4F6E41B534F9F00F937AB /* UIGestureRecognizer+Closure.swift in Sources */,
				A9D4F6D51B534F9F00F937AB /* View+Border.swift in Sources */,
				A9D4F6E01B534F9F00F937AB /* LinearGradient.swift in Sources */,
				A9D4F6B31B534F9F00F937AB /* Point.swift in Sources */,
				A9D4F6D21B534F9F00F937AB /* TextShape.swift in Sources */,
				A9D4F6D81B534F9F00F937AB /* ViewAnimation.swift in Sources */,
				A9D4F6D01B534F9F00F937AB /* ShapeLayer.swift in Sources */,
				A9D4F6B91B534F9F00F937AB /* Animation.swift in Sources */,
				A9D4F6CE1B534F9F00F937AB /* Shape+Creation.swift in Sources */,
				A9D4F6B61B534F9F00F937AB /* Transform.swift in Sources */,
				D917E1381B83E1DB0084BC82 /* GradientLayer.swift in Sources */,
				1FAB35EA1C53745300620741 /* Layer.swift in Sources */,
				A9D4F6B71B534F9F00F937AB /* Vector.swift in Sources */,
				A9D4F6C61B534F9F00F937AB /* Image+Generator.swift in Sources */,
				A9D4F6E31B534F9F00F937AB /* Twirl.swift in Sources */,
				A9BC57271C50ABA80068BBA3 /* UIImage+Color.swift in Sources */,
				1F40C6FB1C82ADF0004AE1E7 /* Camera.swift in Sources */,
				61BBAF651BC38C1200A03FD0 /* View+KeyValues.swift in Sources */,
				A9D4F6AF1B534F9F00F937AB /* Foundation.swift in Sources */,
				A9D4F6D41B534F9F00F937AB /* View+Animation.swift in Sources */,
				A9D4F6CB1B534F9F00F937AB /* QuadCurve.swift in Sources */,
				A9D4F6D11B534F9F00F937AB /* Star.swift in Sources */,
				A9D4F6C31B534F9F00F937AB /* Generator.swift in Sources */,
				A9D4F6CF1B534F9F00F937AB /* Shape.swift in Sources */,
				A9D4F6CC1B534F9F00F937AB /* Rectangle.swift in Sources */,
				A9D4F6B41B534F9F00F937AB /* Rect.swift in Sources */,
				A9D4F6E11B534F9F00F937AB /* Sepia.swift in Sources */,
				A9D4F6BD1B534F9F00F937AB /* CanvasController.swift in Sources */,
				A9D4F6DE1B534F9F00F937AB /* GaussianBlur.swift in Sources */,
				61B92B481C7B963B003BD61C /* PlayerLayer.swift in Sources */,
				A9D4F6DC1B534F9F00F937AB /* ColorBurn.swift in Sources */,
				A9D4F6D61B534F9F00F937AB /* View+Shadow.swift in Sources */,
				A9D4F6C71B534F9F00F937AB /* Image.swift in Sources */,
				A9D4F6D31B534F9F00F937AB /* Triangle.swift in Sources */,
				1FAB35E81C5372CE00620741 /* Pixel.swift in Sources */,
				A9D4F6AE1B534F9F00F937AB /* EventSource.swift in Sources */,
				A9D4F6C41B534F9F00F937AB /* Image+Crop.swift in Sources */,
				A9D4F6AD1B534F9F00F937AB /* Color.swift in Sources */,
				A9D4F6C51B534F9F00F937AB /* Image+Filter.swift in Sources */,
				A9D4F6BF1B534F9F00F937AB /* Curve.swift in Sources */,
				A9D4F6BC1B534F9F00F937AB /* AudioPlayer.swift in Sources */,
				A9D4F6B21B534F9F00F937AB /* Path.swift in Sources */,
				A9D4F6D71B534F9F00F937AB /* View.swift in Sources */,
				A9D4F6C01B534F9F00F937AB /* Ellipse.swift in Sources */,
				A9D4F6DB1B534F9F00F937AB /* Checkerboard.swift in Sources */,
				A9D4F6BB1B534F9F00F937AB /* Arc.swift in Sources */,
				A9D4F6D91B534F9F00F937AB /* Wedge.swift in Sources */,
				1F75FE951C5CADBF00EB62C2 /* ScreenRecorder.swift in Sources */,
			);
			runOnlyForDeploymentPostprocessing = 0;
		};
		614F824A19DB5ED4001DF1D4 /* Sources */ = {
			isa = PBXSourcesBuildPhase;
			buildActionMask = 2147483647;
			files = (
				A96F4F4A1B538330002B3A46 /* TransformTests.swift in Sources */,
				A96F4F491B538330002B3A46 /* VectorTests.swift in Sources */,
				A96F4F461B538330002B3A46 /* MathTests.swift in Sources */,
				A96F4F451B538330002B3A46 /* ColorTests.swift in Sources */,
				A96F4F471B538330002B3A46 /* PointTests.swift in Sources */,
				61B92B4C1C7B96B8003BD61C /* RectTests.swift in Sources */,
			);
			runOnlyForDeploymentPostprocessing = 0;
		};
		A96F50561B5385A5002B3A46 /* Sources */ = {
			isa = PBXSourcesBuildPhase;
			buildActionMask = 2147483647;
			files = (
				A96F50611B5385A5002B3A46 /* ViewController.swift in Sources */,
				A96F505F1B5385A5002B3A46 /* AppDelegate.swift in Sources */,
			);
			runOnlyForDeploymentPostprocessing = 0;
		};
/* End PBXSourcesBuildPhase section */

/* Begin PBXTargetDependency section */
		A94E3BD319E0E9340039A9C4 /* PBXTargetDependency */ = {
			isa = PBXTargetDependency;
			target = 614F824219DB5ED3001DF1D4 /* C4 */;
			targetProxy = A94E3BD219E0E9340039A9C4 /* PBXContainerItemProxy */;
		};
		A96F507D1B5385AF002B3A46 /* PBXTargetDependency */ = {
			isa = PBXTargetDependency;
			target = A96F50591B5385A5002B3A46 /* C4App */;
			targetProxy = A96F507C1B5385AF002B3A46 /* PBXContainerItemProxy */;
		};
		A96F50811B538650002B3A46 /* PBXTargetDependency */ = {
			isa = PBXTargetDependency;
			target = 614F824219DB5ED3001DF1D4 /* C4 */;
			targetProxy = A96F50801B538650002B3A46 /* PBXContainerItemProxy */;
		};
/* End PBXTargetDependency section */

/* Begin PBXVariantGroup section */
		A96F50621B5385A5002B3A46 /* Main.storyboard */ = {
			isa = PBXVariantGroup;
			children = (
				A96F50631B5385A5002B3A46 /* Base */,
			);
			name = Main.storyboard;
			sourceTree = "<group>";
		};
		A96F50671B5385A5002B3A46 /* LaunchScreen.xib */ = {
			isa = PBXVariantGroup;
			children = (
				A96F50681B5385A5002B3A46 /* Base */,
			);
			name = LaunchScreen.xib;
			sourceTree = "<group>";
		};
/* End PBXVariantGroup section */

/* Begin XCBuildConfiguration section */
		614F825419DB5ED4001DF1D4 /* Debug */ = {
			isa = XCBuildConfiguration;
			buildSettings = {
				ALWAYS_SEARCH_USER_PATHS = NO;
				CLANG_CXX_LANGUAGE_STANDARD = "gnu++0x";
				CLANG_CXX_LIBRARY = "libc++";
				CLANG_ENABLE_MODULES = YES;
				CLANG_ENABLE_OBJC_ARC = YES;
				CLANG_WARN_BOOL_CONVERSION = YES;
				CLANG_WARN_CONSTANT_CONVERSION = YES;
				CLANG_WARN_DIRECT_OBJC_ISA_USAGE = YES_ERROR;
				CLANG_WARN_EMPTY_BODY = YES;
				CLANG_WARN_ENUM_CONVERSION = YES;
				CLANG_WARN_INT_CONVERSION = YES;
				CLANG_WARN_OBJC_ROOT_CLASS = YES_ERROR;
				CLANG_WARN_UNREACHABLE_CODE = YES;
				CLANG_WARN__DUPLICATE_METHOD_MATCH = YES;
				"CODE_SIGN_IDENTITY[sdk=iphoneos*]" = "iPhone Developer";
				COPY_PHASE_STRIP = NO;
				CURRENT_PROJECT_VERSION = 1;
				ENABLE_STRICT_OBJC_MSGSEND = YES;
				ENABLE_TESTABILITY = YES;
				GCC_C_LANGUAGE_STANDARD = gnu99;
				GCC_DYNAMIC_NO_PIC = NO;
				GCC_NO_COMMON_BLOCKS = YES;
				GCC_OPTIMIZATION_LEVEL = 0;
				GCC_PREPROCESSOR_DEFINITIONS = (
					"DEBUG=1",
					"$(inherited)",
				);
				GCC_SYMBOLS_PRIVATE_EXTERN = NO;
				GCC_WARN_64_TO_32_BIT_CONVERSION = YES;
				GCC_WARN_ABOUT_RETURN_TYPE = YES_ERROR;
				GCC_WARN_UNDECLARED_SELECTOR = YES;
				GCC_WARN_UNINITIALIZED_AUTOS = YES_AGGRESSIVE;
				GCC_WARN_UNUSED_FUNCTION = YES;
				GCC_WARN_UNUSED_VARIABLE = YES;
				IPHONEOS_DEPLOYMENT_TARGET = 8.0;
				MTL_ENABLE_DEBUG_INFO = YES;
				ONLY_ACTIVE_ARCH = YES;
				SDKROOT = iphoneos;
				SWIFT_OPTIMIZATION_LEVEL = "-Onone";
				TARGETED_DEVICE_FAMILY = "1,2";
				VERSIONING_SYSTEM = "apple-generic";
				VERSION_INFO_PREFIX = "";
			};
			name = Debug;
		};
		614F825519DB5ED4001DF1D4 /* Release */ = {
			isa = XCBuildConfiguration;
			buildSettings = {
				ALWAYS_SEARCH_USER_PATHS = NO;
				CLANG_CXX_LANGUAGE_STANDARD = "gnu++0x";
				CLANG_CXX_LIBRARY = "libc++";
				CLANG_ENABLE_MODULES = YES;
				CLANG_ENABLE_OBJC_ARC = YES;
				CLANG_WARN_BOOL_CONVERSION = YES;
				CLANG_WARN_CONSTANT_CONVERSION = YES;
				CLANG_WARN_DIRECT_OBJC_ISA_USAGE = YES_ERROR;
				CLANG_WARN_EMPTY_BODY = YES;
				CLANG_WARN_ENUM_CONVERSION = YES;
				CLANG_WARN_INT_CONVERSION = YES;
				CLANG_WARN_OBJC_ROOT_CLASS = YES_ERROR;
				CLANG_WARN_UNREACHABLE_CODE = YES;
				CLANG_WARN__DUPLICATE_METHOD_MATCH = YES;
				"CODE_SIGN_IDENTITY[sdk=iphoneos*]" = "iPhone Developer";
				COPY_PHASE_STRIP = YES;
				CURRENT_PROJECT_VERSION = 1;
				ENABLE_NS_ASSERTIONS = NO;
				ENABLE_STRICT_OBJC_MSGSEND = YES;
				GCC_C_LANGUAGE_STANDARD = gnu99;
				GCC_NO_COMMON_BLOCKS = YES;
				GCC_WARN_64_TO_32_BIT_CONVERSION = YES;
				GCC_WARN_ABOUT_RETURN_TYPE = YES_ERROR;
				GCC_WARN_UNDECLARED_SELECTOR = YES;
				GCC_WARN_UNINITIALIZED_AUTOS = YES_AGGRESSIVE;
				GCC_WARN_UNUSED_FUNCTION = YES;
				GCC_WARN_UNUSED_VARIABLE = YES;
				IPHONEOS_DEPLOYMENT_TARGET = 8.0;
				MTL_ENABLE_DEBUG_INFO = NO;
				SDKROOT = iphoneos;
				TARGETED_DEVICE_FAMILY = "1,2";
				VALIDATE_PRODUCT = YES;
				VERSIONING_SYSTEM = "apple-generic";
				VERSION_INFO_PREFIX = "";
			};
			name = Release;
		};
		614F825719DB5ED4001DF1D4 /* Debug */ = {
			isa = XCBuildConfiguration;
			buildSettings = {
				DEFINES_MODULE = YES;
				DYLIB_COMPATIBILITY_VERSION = 1;
				DYLIB_CURRENT_VERSION = 1;
				DYLIB_INSTALL_NAME_BASE = "@rpath";
				INFOPLIST_FILE = C4/Info.plist;
				INSTALL_PATH = "$(LOCAL_LIBRARY_DIR)/Frameworks";
				LD_RUNPATH_SEARCH_PATHS = "$(inherited) @executable_path/Frameworks @loader_path/Frameworks";
				PRODUCT_BUNDLE_IDENTIFIER = "com.c4ios.$(PRODUCT_NAME:rfc1034identifier)";
				PRODUCT_NAME = "$(TARGET_NAME)";
				SKIP_INSTALL = YES;
				SWIFT_OPTIMIZATION_LEVEL = "-Onone";
			};
			name = Debug;
		};
		614F825819DB5ED4001DF1D4 /* Release */ = {
			isa = XCBuildConfiguration;
			buildSettings = {
				DEFINES_MODULE = YES;
				DYLIB_COMPATIBILITY_VERSION = 1;
				DYLIB_CURRENT_VERSION = 1;
				DYLIB_INSTALL_NAME_BASE = "@rpath";
				INFOPLIST_FILE = C4/Info.plist;
				INSTALL_PATH = "$(LOCAL_LIBRARY_DIR)/Frameworks";
				LD_RUNPATH_SEARCH_PATHS = "$(inherited) @executable_path/Frameworks @loader_path/Frameworks";
				PRODUCT_BUNDLE_IDENTIFIER = "com.c4ios.$(PRODUCT_NAME:rfc1034identifier)";
				PRODUCT_NAME = "$(TARGET_NAME)";
				SKIP_INSTALL = YES;
			};
			name = Release;
		};
		614F825A19DB5ED4001DF1D4 /* Debug */ = {
			isa = XCBuildConfiguration;
			buildSettings = {
				GCC_NO_COMMON_BLOCKS = YES;
				GCC_PREPROCESSOR_DEFINITIONS = (
					"DEBUG=1",
					"$(inherited)",
				);
				INFOPLIST_FILE = C4Tests/Info.plist;
				IPHONEOS_DEPLOYMENT_TARGET = 8.4;
				LD_RUNPATH_SEARCH_PATHS = "$(inherited) @executable_path/Frameworks @loader_path/Frameworks";
				PRODUCT_BUNDLE_IDENTIFIER = "com.c4ios.$(PRODUCT_NAME:rfc1034identifier)";
				PRODUCT_NAME = "$(TARGET_NAME)";
				TEST_HOST = "$(BUILT_PRODUCTS_DIR)/C4App.app/C4App";
			};
			name = Debug;
		};
		614F825B19DB5ED4001DF1D4 /* Release */ = {
			isa = XCBuildConfiguration;
			buildSettings = {
				GCC_NO_COMMON_BLOCKS = YES;
				INFOPLIST_FILE = C4Tests/Info.plist;
				IPHONEOS_DEPLOYMENT_TARGET = 8.4;
				LD_RUNPATH_SEARCH_PATHS = "$(inherited) @executable_path/Frameworks @loader_path/Frameworks";
				PRODUCT_BUNDLE_IDENTIFIER = "com.c4ios.$(PRODUCT_NAME:rfc1034identifier)";
				PRODUCT_NAME = "$(TARGET_NAME)";
				TEST_HOST = "$(BUILT_PRODUCTS_DIR)/C4App.app/C4App";
			};
			name = Release;
		};
		A96F50771B5385A5002B3A46 /* Debug */ = {
			isa = XCBuildConfiguration;
			buildSettings = {
				ASSETCATALOG_COMPILER_APPICON_NAME = AppIcon;
				DEBUG_INFORMATION_FORMAT = "dwarf-with-dsym";
				GCC_PREPROCESSOR_DEFINITIONS = (
					"DEBUG=1",
					"$(inherited)",
				);
				INFOPLIST_FILE = C4App/Info.plist;
				IPHONEOS_DEPLOYMENT_TARGET = 8.4;
				LD_RUNPATH_SEARCH_PATHS = "$(inherited) @executable_path/Frameworks";
				PRODUCT_BUNDLE_IDENTIFIER = "com.c4ios.$(PRODUCT_NAME:rfc1034identifier)";
				PRODUCT_NAME = "$(TARGET_NAME)";
			};
			name = Debug;
		};
		A96F50781B5385A5002B3A46 /* Release */ = {
			isa = XCBuildConfiguration;
			buildSettings = {
				ASSETCATALOG_COMPILER_APPICON_NAME = AppIcon;
				COPY_PHASE_STRIP = NO;
				DEBUG_INFORMATION_FORMAT = "dwarf-with-dsym";
				INFOPLIST_FILE = C4App/Info.plist;
				IPHONEOS_DEPLOYMENT_TARGET = 8.4;
				LD_RUNPATH_SEARCH_PATHS = "$(inherited) @executable_path/Frameworks";
				PRODUCT_BUNDLE_IDENTIFIER = "com.c4ios.$(PRODUCT_NAME:rfc1034identifier)";
				PRODUCT_NAME = "$(TARGET_NAME)";
			};
			name = Release;
		};
/* End XCBuildConfiguration section */

/* Begin XCConfigurationList section */
		614F823D19DB5ED3001DF1D4 /* Build configuration list for PBXProject "C4iOS" */ = {
			isa = XCConfigurationList;
			buildConfigurations = (
				614F825419DB5ED4001DF1D4 /* Debug */,
				614F825519DB5ED4001DF1D4 /* Release */,
			);
			defaultConfigurationIsVisible = 0;
			defaultConfigurationName = Release;
		};
		614F825619DB5ED4001DF1D4 /* Build configuration list for PBXNativeTarget "C4" */ = {
			isa = XCConfigurationList;
			buildConfigurations = (
				614F825719DB5ED4001DF1D4 /* Debug */,
				614F825819DB5ED4001DF1D4 /* Release */,
			);
			defaultConfigurationIsVisible = 0;
			defaultConfigurationName = Release;
		};
		614F825919DB5ED4001DF1D4 /* Build configuration list for PBXNativeTarget "C4Tests" */ = {
			isa = XCConfigurationList;
			buildConfigurations = (
				614F825A19DB5ED4001DF1D4 /* Debug */,
				614F825B19DB5ED4001DF1D4 /* Release */,
			);
			defaultConfigurationIsVisible = 0;
			defaultConfigurationName = Release;
		};
		A96F50761B5385A5002B3A46 /* Build configuration list for PBXNativeTarget "C4App" */ = {
			isa = XCConfigurationList;
			buildConfigurations = (
				A96F50771B5385A5002B3A46 /* Debug */,
				A96F50781B5385A5002B3A46 /* Release */,
			);
			defaultConfigurationIsVisible = 0;
			defaultConfigurationName = Release;
		};
/* End XCConfigurationList section */
	};
	rootObject = 614F823A19DB5ED3001DF1D4 /* Project object */;
}
