// !$*UTF8*$!
{
	archiveVersion = 1;
	classes = {
	};
	objectVersion = 52;
	objects = {

/* Begin PBXBuildFile section */
		1F75FDEB1C5B1FE700EB62C2 /* C4Loop.aif in Resources */ = {isa = PBXBuildFile; fileRef = 1F75FDE81C5B1FE700EB62C2 /* C4Loop.aif */; };
		1F75FDEC1C5B1FE700EB62C2 /* halo.mp4 in Resources */ = {isa = PBXBuildFile; fileRef = 1F75FDE91C5B1FE700EB62C2 /* halo.mp4 */; };
		1F75FDED1C5B1FE700EB62C2 /* haloGray.mp4 in Resources */ = {isa = PBXBuildFile; fileRef = 1F75FDEA1C5B1FE700EB62C2 /* haloGray.mp4 */; };
		4A943552259E12020064862F /* TNT in Frameworks */ = {isa = PBXBuildFile; productRef = 4A943551259E12020064862F /* TNT */; };
		A96F505F1B5385A5002B3A46 /* AppDelegate.swift in Sources */ = {isa = PBXBuildFile; fileRef = A96F505E1B5385A5002B3A46 /* AppDelegate.swift */; };
		A96F50611B5385A5002B3A46 /* ViewController.swift in Sources */ = {isa = PBXBuildFile; fileRef = A96F50601B5385A5002B3A46 /* ViewController.swift */; };
		A96F50641B5385A5002B3A46 /* Main.storyboard in Resources */ = {isa = PBXBuildFile; fileRef = A96F50621B5385A5002B3A46 /* Main.storyboard */; };
		A96F50661B5385A5002B3A46 /* Images.xcassets in Resources */ = {isa = PBXBuildFile; fileRef = A96F50651B5385A5002B3A46 /* Images.xcassets */; };
		A96F50691B5385A5002B3A46 /* LaunchScreen.xib in Resources */ = {isa = PBXBuildFile; fileRef = A96F50671B5385A5002B3A46 /* LaunchScreen.xib */; };
/* End PBXBuildFile section */

/* Begin PBXCopyFilesBuildPhase section */
		A96F50821B538650002B3A46 /* Embed Frameworks */ = {
			isa = PBXCopyFilesBuildPhase;
			buildActionMask = 2147483647;
			dstPath = "";
			dstSubfolderSpec = 10;
			files = (
			);
			name = "Embed Frameworks";
			runOnlyForDeploymentPostprocessing = 0;
		};
/* End PBXCopyFilesBuildPhase section */

/* Begin PBXFileReference section */
		1F75FDE81C5B1FE700EB62C2 /* C4Loop.aif */ = {isa = PBXFileReference; lastKnownFileType = file; path = C4Loop.aif; sourceTree = "<group>"; };
		1F75FDE91C5B1FE700EB62C2 /* halo.mp4 */ = {isa = PBXFileReference; lastKnownFileType = file; path = halo.mp4; sourceTree = "<group>"; };
		1F75FDEA1C5B1FE700EB62C2 /* haloGray.mp4 */ = {isa = PBXFileReference; lastKnownFileType = file; path = haloGray.mp4; sourceTree = "<group>"; };
		A96F505A1B5385A5002B3A46 /* C4App.app */ = {isa = PBXFileReference; explicitFileType = wrapper.application; includeInIndex = 0; path = C4App.app; sourceTree = BUILT_PRODUCTS_DIR; };
		A96F505D1B5385A5002B3A46 /* Info.plist */ = {isa = PBXFileReference; lastKnownFileType = text.plist.xml; path = Info.plist; sourceTree = "<group>"; };
		A96F505E1B5385A5002B3A46 /* AppDelegate.swift */ = {isa = PBXFileReference; lastKnownFileType = sourcecode.swift; path = AppDelegate.swift; sourceTree = "<group>"; };
		A96F50601B5385A5002B3A46 /* ViewController.swift */ = {isa = PBXFileReference; lastKnownFileType = sourcecode.swift; path = ViewController.swift; sourceTree = "<group>"; };
		A96F50631B5385A5002B3A46 /* Base */ = {isa = PBXFileReference; lastKnownFileType = file.storyboard; name = Base; path = Base.lproj/Main.storyboard; sourceTree = "<group>"; };
		A96F50651B5385A5002B3A46 /* Images.xcassets */ = {isa = PBXFileReference; lastKnownFileType = folder.assetcatalog; path = Images.xcassets; sourceTree = "<group>"; };
		A96F50681B5385A5002B3A46 /* Base */ = {isa = PBXFileReference; lastKnownFileType = file.xib; name = Base; path = Base.lproj/LaunchScreen.xib; sourceTree = "<group>"; };
/* End PBXFileReference section */

/* Begin PBXFrameworksBuildPhase section */
		A96F50571B5385A5002B3A46 /* Frameworks */ = {
			isa = PBXFrameworksBuildPhase;
			buildActionMask = 2147483647;
			files = (
				4A943552259E12020064862F /* TNT in Frameworks */,
			);
			runOnlyForDeploymentPostprocessing = 0;
		};
/* End PBXFrameworksBuildPhase section */

/* Begin PBXGroup section */
		614F823919DB5ED3001DF1D4 = {
			isa = PBXGroup;
			children = (
				A96F505B1B5385A5002B3A46 /* C4App */,
				614F824419DB5ED3001DF1D4 /* Products */,
			);
			sourceTree = "<group>";
		};
		614F824419DB5ED3001DF1D4 /* Products */ = {
			isa = PBXGroup;
			children = (
				A96F505A1B5385A5002B3A46 /* C4App.app */,
			);
			name = Products;
			sourceTree = "<group>";
		};
		A96F505B1B5385A5002B3A46 /* C4App */ = {
			isa = PBXGroup;
			children = (
				A96F505E1B5385A5002B3A46 /* AppDelegate.swift */,
				A96F50601B5385A5002B3A46 /* ViewController.swift */,
				A96F50621B5385A5002B3A46 /* Main.storyboard */,
				1F75FDE81C5B1FE700EB62C2 /* C4Loop.aif */,
				1F75FDE91C5B1FE700EB62C2 /* halo.mp4 */,
				1F75FDEA1C5B1FE700EB62C2 /* haloGray.mp4 */,
				A96F50651B5385A5002B3A46 /* Images.xcassets */,
				A96F50671B5385A5002B3A46 /* LaunchScreen.xib */,
				A96F505C1B5385A5002B3A46 /* Supporting Files */,
			);
			path = C4App;
			sourceTree = "<group>";
		};
		A96F505C1B5385A5002B3A46 /* Supporting Files */ = {
			isa = PBXGroup;
			children = (
				A96F505D1B5385A5002B3A46 /* Info.plist */,
			);
			name = "Supporting Files";
			sourceTree = "<group>";
		};
/* End PBXGroup section */

/* Begin PBXNativeTarget section */
		A96F50591B5385A5002B3A46 /* C4App */ = {
			isa = PBXNativeTarget;
			buildConfigurationList = A96F50761B5385A5002B3A46 /* Build configuration list for PBXNativeTarget "C4App" */;
			buildPhases = (
				A96F50561B5385A5002B3A46 /* Sources */,
				A96F50571B5385A5002B3A46 /* Frameworks */,
				A96F50581B5385A5002B3A46 /* Resources */,
				A96F50821B538650002B3A46 /* Embed Frameworks */,
			);
			buildRules = (
			);
			dependencies = (
			);
			name = C4App;
			packageProductDependencies = (
				4A943551259E12020064862F /* TNT */,
			);
			productName = C4App;
			productReference = A96F505A1B5385A5002B3A46 /* C4App.app */;
			productType = "com.apple.product-type.application";
		};
/* End PBXNativeTarget section */

/* Begin PBXProject section */
		614F823A19DB5ED3001DF1D4 /* Project object */ = {
			isa = PBXProject;
			attributes = {
				LastSwiftMigration = 0700;
				LastSwiftUpdateCheck = 0900;
				LastUpgradeCheck = 1230;
				ORGANIZATIONNAME = C4;
				TargetAttributes = {
					A96F50591B5385A5002B3A46 = {
						CreatedOnToolsVersion = 6.4;
						DevelopmentTeam = 75C7KVJZ99;
						LastSwiftMigration = 1230;
					};
				};
			};
			buildConfigurationList = 614F823D19DB5ED3001DF1D4 /* Build configuration list for PBXProject "C4" */;
			compatibilityVersion = "Xcode 8.0";
			developmentRegion = en;
			hasScannedForEncodings = 0;
			knownRegions = (
				en,
				Base,
			);
			mainGroup = 614F823919DB5ED3001DF1D4;
			packageReferences = (
				4A943550259E12020064862F /* XCRemoteSwiftPackageReference "TNT-Package" */,
			);
			productRefGroup = 614F824419DB5ED3001DF1D4 /* Products */;
			projectDirPath = "";
			projectRoot = "";
			targets = (
				A96F50591B5385A5002B3A46 /* C4App */,
			);
		};
/* End PBXProject section */

/* Begin PBXResourcesBuildPhase section */
		A96F50581B5385A5002B3A46 /* Resources */ = {
			isa = PBXResourcesBuildPhase;
			buildActionMask = 2147483647;
			files = (
				A96F50641B5385A5002B3A46 /* Main.storyboard in Resources */,
				1F75FDEB1C5B1FE700EB62C2 /* C4Loop.aif in Resources */,
				1F75FDED1C5B1FE700EB62C2 /* haloGray.mp4 in Resources */,
				A96F50691B5385A5002B3A46 /* LaunchScreen.xib in Resources */,
				1F75FDEC1C5B1FE700EB62C2 /* halo.mp4 in Resources */,
				A96F50661B5385A5002B3A46 /* Images.xcassets in Resources */,
			);
			runOnlyForDeploymentPostprocessing = 0;
		};
/* End PBXResourcesBuildPhase section */

/* Begin PBXSourcesBuildPhase section */
		A96F50561B5385A5002B3A46 /* Sources */ = {
			isa = PBXSourcesBuildPhase;
			buildActionMask = 2147483647;
			files = (
				A96F50611B5385A5002B3A46 /* ViewController.swift in Sources */,
				A96F505F1B5385A5002B3A46 /* AppDelegate.swift in Sources */,
			);
			runOnlyForDeploymentPostprocessing = 0;
		};
/* End PBXSourcesBuildPhase section */

/* Begin PBXVariantGroup section */
		A96F50621B5385A5002B3A46 /* Main.storyboard */ = {
			isa = PBXVariantGroup;
			children = (
				A96F50631B5385A5002B3A46 /* Base */,
			);
			name = Main.storyboard;
			sourceTree = "<group>";
		};
		A96F50671B5385A5002B3A46 /* LaunchScreen.xib */ = {
			isa = PBXVariantGroup;
			children = (
				A96F50681B5385A5002B3A46 /* Base */,
			);
			name = LaunchScreen.xib;
			sourceTree = "<group>";
		};
/* End PBXVariantGroup section */

/* Begin XCBuildConfiguration section */
		614F825419DB5ED4001DF1D4 /* Debug */ = {
			isa = XCBuildConfiguration;
			buildSettings = {
				ALWAYS_SEARCH_USER_PATHS = NO;
				CLANG_CXX_LANGUAGE_STANDARD = "gnu++0x";
				CLANG_CXX_LIBRARY = "libc++";
				CLANG_ENABLE_MODULES = YES;
				CLANG_ENABLE_OBJC_ARC = YES;
				CLANG_WARN_BLOCK_CAPTURE_AUTORELEASING = YES;
				CLANG_WARN_BOOL_CONVERSION = YES;
				CLANG_WARN_COMMA = YES;
				CLANG_WARN_CONSTANT_CONVERSION = YES;
				CLANG_WARN_DEPRECATED_OBJC_IMPLEMENTATIONS = YES;
				CLANG_WARN_DIRECT_OBJC_ISA_USAGE = YES_ERROR;
				CLANG_WARN_EMPTY_BODY = YES;
				CLANG_WARN_ENUM_CONVERSION = YES;
				CLANG_WARN_INFINITE_RECURSION = YES;
				CLANG_WARN_INT_CONVERSION = YES;
				CLANG_WARN_NON_LITERAL_NULL_CONVERSION = YES;
				CLANG_WARN_OBJC_IMPLICIT_RETAIN_SELF = YES;
				CLANG_WARN_OBJC_LITERAL_CONVERSION = YES;
				CLANG_WARN_OBJC_ROOT_CLASS = YES_ERROR;
				CLANG_WARN_QUOTED_INCLUDE_IN_FRAMEWORK_HEADER = YES;
				CLANG_WARN_RANGE_LOOP_ANALYSIS = YES;
				CLANG_WARN_STRICT_PROTOTYPES = YES;
				CLANG_WARN_SUSPICIOUS_MOVE = YES;
				CLANG_WARN_UNREACHABLE_CODE = YES;
				CLANG_WARN__DUPLICATE_METHOD_MATCH = YES;
				"CODE_SIGN_IDENTITY[sdk=iphoneos*]" = "iPhone Developer";
				COPY_PHASE_STRIP = NO;
				CURRENT_PROJECT_VERSION = 1;
				ENABLE_STRICT_OBJC_MSGSEND = YES;
				ENABLE_TESTABILITY = YES;
				GCC_C_LANGUAGE_STANDARD = gnu99;
				GCC_DYNAMIC_NO_PIC = NO;
				GCC_NO_COMMON_BLOCKS = YES;
				GCC_OPTIMIZATION_LEVEL = 0;
				GCC_PREPROCESSOR_DEFINITIONS = (
					"DEBUG=1",
					"$(inherited)",
				);
				GCC_SYMBOLS_PRIVATE_EXTERN = NO;
				GCC_WARN_64_TO_32_BIT_CONVERSION = YES;
				GCC_WARN_ABOUT_RETURN_TYPE = YES_ERROR;
				GCC_WARN_UNDECLARED_SELECTOR = YES;
				GCC_WARN_UNINITIALIZED_AUTOS = YES_AGGRESSIVE;
				GCC_WARN_UNUSED_FUNCTION = YES;
				GCC_WARN_UNUSED_VARIABLE = YES;
				IPHONEOS_DEPLOYMENT_TARGET = 12.0;
				MTL_ENABLE_DEBUG_INFO = YES;
				ONLY_ACTIVE_ARCH = YES;
				SDKROOT = iphoneos;
				SWIFT_OPTIMIZATION_LEVEL = "-Onone";
				SWIFT_SWIFT3_OBJC_INFERENCE = Off;
				SWIFT_VERSION = 4.0;
				TARGETED_DEVICE_FAMILY = "1,2";
				VERSIONING_SYSTEM = "apple-generic";
				VERSION_INFO_PREFIX = "";
			};
			name = Debug;
		};
		614F825519DB5ED4001DF1D4 /* Release */ = {
			isa = XCBuildConfiguration;
			buildSettings = {
				ALWAYS_SEARCH_USER_PATHS = NO;
				CLANG_CXX_LANGUAGE_STANDARD = "gnu++0x";
				CLANG_CXX_LIBRARY = "libc++";
				CLANG_ENABLE_MODULES = YES;
				CLANG_ENABLE_OBJC_ARC = YES;
				CLANG_WARN_BLOCK_CAPTURE_AUTORELEASING = YES;
				CLANG_WARN_BOOL_CONVERSION = YES;
				CLANG_WARN_COMMA = YES;
				CLANG_WARN_CONSTANT_CONVERSION = YES;
				CLANG_WARN_DEPRECATED_OBJC_IMPLEMENTATIONS = YES;
				CLANG_WARN_DIRECT_OBJC_ISA_USAGE = YES_ERROR;
				CLANG_WARN_EMPTY_BODY = YES;
				CLANG_WARN_ENUM_CONVERSION = YES;
				CLANG_WARN_INFINITE_RECURSION = YES;
				CLANG_WARN_INT_CONVERSION = YES;
				CLANG_WARN_NON_LITERAL_NULL_CONVERSION = YES;
				CLANG_WARN_OBJC_IMPLICIT_RETAIN_SELF = YES;
				CLANG_WARN_OBJC_LITERAL_CONVERSION = YES;
				CLANG_WARN_OBJC_ROOT_CLASS = YES_ERROR;
				CLANG_WARN_QUOTED_INCLUDE_IN_FRAMEWORK_HEADER = YES;
				CLANG_WARN_RANGE_LOOP_ANALYSIS = YES;
				CLANG_WARN_STRICT_PROTOTYPES = YES;
				CLANG_WARN_SUSPICIOUS_MOVE = YES;
				CLANG_WARN_UNREACHABLE_CODE = YES;
				CLANG_WARN__DUPLICATE_METHOD_MATCH = YES;
				"CODE_SIGN_IDENTITY[sdk=iphoneos*]" = "iPhone Developer";
				COPY_PHASE_STRIP = YES;
				CURRENT_PROJECT_VERSION = 1;
				ENABLE_NS_ASSERTIONS = NO;
				ENABLE_STRICT_OBJC_MSGSEND = YES;
				GCC_C_LANGUAGE_STANDARD = gnu99;
				GCC_NO_COMMON_BLOCKS = YES;
				GCC_WARN_64_TO_32_BIT_CONVERSION = YES;
				GCC_WARN_ABOUT_RETURN_TYPE = YES_ERROR;
				GCC_WARN_UNDECLARED_SELECTOR = YES;
				GCC_WARN_UNINITIALIZED_AUTOS = YES_AGGRESSIVE;
				GCC_WARN_UNUSED_FUNCTION = YES;
				GCC_WARN_UNUSED_VARIABLE = YES;
				IPHONEOS_DEPLOYMENT_TARGET = 12.0;
				MTL_ENABLE_DEBUG_INFO = NO;
				SDKROOT = iphoneos;
				SWIFT_SWIFT3_OBJC_INFERENCE = Off;
				SWIFT_VERSION = 4.0;
				TARGETED_DEVICE_FAMILY = "1,2";
				VALIDATE_PRODUCT = YES;
				VERSIONING_SYSTEM = "apple-generic";
				VERSION_INFO_PREFIX = "";
			};
			name = Release;
		};
		A96F50771B5385A5002B3A46 /* Debug */ = {
			isa = XCBuildConfiguration;
			buildSettings = {
				ASSETCATALOG_COMPILER_APPICON_NAME = AppIcon;
				DEBUG_INFORMATION_FORMAT = "dwarf-with-dsym";
				DEVELOPMENT_TEAM = 75C7KVJZ99;
				GCC_PREPROCESSOR_DEFINITIONS = (
					"DEBUG=1",
					"$(inherited)",
				);
				INFOPLIST_FILE = C4App/Info.plist;
				LD_RUNPATH_SEARCH_PATHS = (
					"$(inherited)",
					"@executable_path/Frameworks",
				);
				PRODUCT_BUNDLE_IDENTIFIER = "com.c4ios.$(PRODUCT_NAME:rfc1034identifier)";
				PRODUCT_NAME = "$(TARGET_NAME)";
				SWIFT_VERSION = 5.0;
			};
			name = Debug;
		};
		A96F50781B5385A5002B3A46 /* Release */ = {
			isa = XCBuildConfiguration;
			buildSettings = {
				ASSETCATALOG_COMPILER_APPICON_NAME = AppIcon;
				COPY_PHASE_STRIP = NO;
				DEBUG_INFORMATION_FORMAT = "dwarf-with-dsym";
				DEVELOPMENT_TEAM = 75C7KVJZ99;
				INFOPLIST_FILE = C4App/Info.plist;
				LD_RUNPATH_SEARCH_PATHS = (
					"$(inherited)",
					"@executable_path/Frameworks",
				);
				PRODUCT_BUNDLE_IDENTIFIER = "com.c4ios.$(PRODUCT_NAME:rfc1034identifier)";
				PRODUCT_NAME = "$(TARGET_NAME)";
				SWIFT_COMPILATION_MODE = wholemodule;
				SWIFT_OPTIMIZATION_LEVEL = "-O";
				SWIFT_VERSION = 5.0;
			};
			name = Release;
		};
/* End XCBuildConfiguration section */

/* Begin XCConfigurationList section */
		614F823D19DB5ED3001DF1D4 /* Build configuration list for PBXProject "C4" */ = {
			isa = XCConfigurationList;
			buildConfigurations = (
				614F825419DB5ED4001DF1D4 /* Debug */,
				614F825519DB5ED4001DF1D4 /* Release */,
			);
			defaultConfigurationIsVisible = 0;
			defaultConfigurationName = Release;
		};
		A96F50761B5385A5002B3A46 /* Build configuration list for PBXNativeTarget "C4App" */ = {
			isa = XCConfigurationList;
			buildConfigurations = (
				A96F50771B5385A5002B3A46 /* Debug */,
				A96F50781B5385A5002B3A46 /* Release */,
			);
			defaultConfigurationIsVisible = 0;
			defaultConfigurationName = Release;
		};
/* End XCConfigurationList section */

/* Begin XCRemoteSwiftPackageReference section */
		4A943550259E12020064862F /* XCRemoteSwiftPackageReference "TNT-Package" */ = {
			isa = XCRemoteSwiftPackageReference;
			repositoryURL = "https://github.com/dotmain/TNT-Package.git";
			requirement = {
				branch = main;
				kind = branch;
			};
		};
/* End XCRemoteSwiftPackageReference section */

/* Begin XCSwiftPackageProductDependency section */
		4A943551259E12020064862F /* TNT */ = {
			isa = XCSwiftPackageProductDependency;
			package = 4A943550259E12020064862F /* XCRemoteSwiftPackageReference "TNT-Package" */;
			productName = TNT;
		};
/* End XCSwiftPackageProductDependency section */
	};
	rootObject = 614F823A19DB5ED3001DF1D4 /* Project object */;
}
